// !$*UTF8*$!
{
	archiveVersion = 1;
	classes = {
	};
	objectVersion = 46;
	objects = {

/* Begin PBXBuildFile section */
		DD33CE4C1D10F9EE00AD1E32 /* MKAnnotationView+WebCache.m in Sources */ = {isa = PBXBuildFile; fileRef = DD33CE2C1D10F9EE00AD1E32 /* MKAnnotationView+WebCache.m */; };
		DD33CE4D1D10F9EE00AD1E32 /* NSData+ImageContentType.m in Sources */ = {isa = PBXBuildFile; fileRef = DD33CE2E1D10F9EE00AD1E32 /* NSData+ImageContentType.m */; };
		DD33CE4E1D10F9EE00AD1E32 /* SDImageCache.m in Sources */ = {isa = PBXBuildFile; fileRef = DD33CE301D10F9EE00AD1E32 /* SDImageCache.m */; };
		DD33CE4F1D10F9EE00AD1E32 /* SDWebImageCompat.m in Sources */ = {isa = PBXBuildFile; fileRef = DD33CE321D10F9EE00AD1E32 /* SDWebImageCompat.m */; };
		DD33CE501D10F9EE00AD1E32 /* SDWebImageDecoder.m in Sources */ = {isa = PBXBuildFile; fileRef = DD33CE341D10F9EE00AD1E32 /* SDWebImageDecoder.m */; };
		DD33CE511D10F9EE00AD1E32 /* SDWebImageDownloader.m in Sources */ = {isa = PBXBuildFile; fileRef = DD33CE361D10F9EE00AD1E32 /* SDWebImageDownloader.m */; };
		DD33CE521D10F9EE00AD1E32 /* SDWebImageDownloaderOperation.m in Sources */ = {isa = PBXBuildFile; fileRef = DD33CE381D10F9EE00AD1E32 /* SDWebImageDownloaderOperation.m */; };
		DD33CE531D10F9EE00AD1E32 /* SDWebImageManager.m in Sources */ = {isa = PBXBuildFile; fileRef = DD33CE3A1D10F9EE00AD1E32 /* SDWebImageManager.m */; };
		DD33CE541D10F9EE00AD1E32 /* SDWebImagePrefetcher.m in Sources */ = {isa = PBXBuildFile; fileRef = DD33CE3D1D10F9EE00AD1E32 /* SDWebImagePrefetcher.m */; };
		DD33CE551D10F9EE00AD1E32 /* UIButton+WebCache.m in Sources */ = {isa = PBXBuildFile; fileRef = DD33CE3F1D10F9EE00AD1E32 /* UIButton+WebCache.m */; };
		DD33CE561D10F9EE00AD1E32 /* UIImage+GIF.m in Sources */ = {isa = PBXBuildFile; fileRef = DD33CE411D10F9EE00AD1E32 /* UIImage+GIF.m */; };
		DD33CE571D10F9EE00AD1E32 /* UIImage+MultiFormat.m in Sources */ = {isa = PBXBuildFile; fileRef = DD33CE431D10F9EE00AD1E32 /* UIImage+MultiFormat.m */; };
		DD33CE581D10F9EE00AD1E32 /* UIImage+WebP.m in Sources */ = {isa = PBXBuildFile; fileRef = DD33CE451D10F9EE00AD1E32 /* UIImage+WebP.m */; };
		DD33CE591D10F9EE00AD1E32 /* UIImageView+HighlightedWebCache.m in Sources */ = {isa = PBXBuildFile; fileRef = DD33CE471D10F9EE00AD1E32 /* UIImageView+HighlightedWebCache.m */; };
		DD33CE5A1D10F9EE00AD1E32 /* UIImageView+WebCache.m in Sources */ = {isa = PBXBuildFile; fileRef = DD33CE491D10F9EE00AD1E32 /* UIImageView+WebCache.m */; };
		DD33CE5B1D10F9EE00AD1E32 /* UIView+WebCacheOperation.m in Sources */ = {isa = PBXBuildFile; fileRef = DD33CE4B1D10F9EE00AD1E32 /* UIView+WebCacheOperation.m */; };
		DD33CEA61D11614200AD1E32 /* MBProgressHUD.m in Sources */ = {isa = PBXBuildFile; fileRef = DD33CEA51D11614200AD1E32 /* MBProgressHUD.m */; };
		DD33CEE51D11B87E00AD1E32 /* AFAutoPurgingImageCache.m in Sources */ = {isa = PBXBuildFile; fileRef = DD33CED21D11B87E00AD1E32 /* AFAutoPurgingImageCache.m */; };
		DD33CEE61D11B87E00AD1E32 /* AFImageDownloader.m in Sources */ = {isa = PBXBuildFile; fileRef = DD33CED41D11B87E00AD1E32 /* AFImageDownloader.m */; };
		DD33CEE71D11B87E00AD1E32 /* AFNetworkActivityIndicatorManager.m in Sources */ = {isa = PBXBuildFile; fileRef = DD33CED61D11B87E00AD1E32 /* AFNetworkActivityIndicatorManager.m */; };
		DD33CEE81D11B87E00AD1E32 /* UIActivityIndicatorView+AFNetworking.m in Sources */ = {isa = PBXBuildFile; fileRef = DD33CED81D11B87E00AD1E32 /* UIActivityIndicatorView+AFNetworking.m */; };
		DD33CEE91D11B87E00AD1E32 /* UIButton+AFNetworking.m in Sources */ = {isa = PBXBuildFile; fileRef = DD33CEDA1D11B87E00AD1E32 /* UIButton+AFNetworking.m */; };
		DD33CEEA1D11B87E00AD1E32 /* UIImageView+AFNetworking.m in Sources */ = {isa = PBXBuildFile; fileRef = DD33CEDD1D11B87E00AD1E32 /* UIImageView+AFNetworking.m */; };
		DD33CEEB1D11B87E00AD1E32 /* UIProgressView+AFNetworking.m in Sources */ = {isa = PBXBuildFile; fileRef = DD33CEE01D11B87E00AD1E32 /* UIProgressView+AFNetworking.m */; };
		DD33CEEC1D11B87E00AD1E32 /* UIRefreshControl+AFNetworking.m in Sources */ = {isa = PBXBuildFile; fileRef = DD33CEE21D11B87E00AD1E32 /* UIRefreshControl+AFNetworking.m */; };
		DD33CEED1D11B87E00AD1E32 /* UIWebView+AFNetworking.m in Sources */ = {isa = PBXBuildFile; fileRef = DD33CEE41D11B87E00AD1E32 /* UIWebView+AFNetworking.m */; };
		DD33CEFC1D11B8B000AD1E32 /* AFHTTPSessionManager.m in Sources */ = {isa = PBXBuildFile; fileRef = DD33CEF01D11B8B000AD1E32 /* AFHTTPSessionManager.m */; };
		DD33CEFD1D11B8B000AD1E32 /* AFNetworkReachabilityManager.m in Sources */ = {isa = PBXBuildFile; fileRef = DD33CEF31D11B8B000AD1E32 /* AFNetworkReachabilityManager.m */; };
		DD33CEFE1D11B8B000AD1E32 /* AFSecurityPolicy.m in Sources */ = {isa = PBXBuildFile; fileRef = DD33CEF51D11B8B000AD1E32 /* AFSecurityPolicy.m */; };
		DD33CEFF1D11B8B000AD1E32 /* AFURLRequestSerialization.m in Sources */ = {isa = PBXBuildFile; fileRef = DD33CEF71D11B8B000AD1E32 /* AFURLRequestSerialization.m */; };
		DD33CF001D11B8B000AD1E32 /* AFURLResponseSerialization.m in Sources */ = {isa = PBXBuildFile; fileRef = DD33CEF91D11B8B000AD1E32 /* AFURLResponseSerialization.m */; };
		DD33CF011D11B8B000AD1E32 /* AFURLSessionManager.m in Sources */ = {isa = PBXBuildFile; fileRef = DD33CEFB1D11B8B000AD1E32 /* AFURLSessionManager.m */; };
		DD349D961CF53BBF004598CC /* main.m in Sources */ = {isa = PBXBuildFile; fileRef = DD349D951CF53BBF004598CC /* main.m */; };
		DD349D991CF53BBF004598CC /* AppDelegate.m in Sources */ = {isa = PBXBuildFile; fileRef = DD349D981CF53BBF004598CC /* AppDelegate.m */; };
		DD349D9C1CF53BBF004598CC /* ViewController.m in Sources */ = {isa = PBXBuildFile; fileRef = DD349D9B1CF53BBF004598CC /* ViewController.m */; };
		DD349D9F1CF53BBF004598CC /* Main.storyboard in Resources */ = {isa = PBXBuildFile; fileRef = DD349D9D1CF53BBF004598CC /* Main.storyboard */; };
		DD349DA11CF53BBF004598CC /* Assets.xcassets in Resources */ = {isa = PBXBuildFile; fileRef = DD349DA01CF53BBF004598CC /* Assets.xcassets */; };
		DD349DA41CF53BBF004598CC /* LaunchScreen.storyboard in Resources */ = {isa = PBXBuildFile; fileRef = DD349DA21CF53BBF004598CC /* LaunchScreen.storyboard */; };
		DD349DAF1CF53BBF004598CC /* zhihuDemoTests.m in Sources */ = {isa = PBXBuildFile; fileRef = DD349DAE1CF53BBF004598CC /* zhihuDemoTests.m */; };
		DD349DBA1CF53BBF004598CC /* zhihuDemoUITests.m in Sources */ = {isa = PBXBuildFile; fileRef = DD349DB91CF53BBF004598CC /* zhihuDemoUITests.m */; };
		DD349DD41CF5AF63004598CC /* myTableCell.m in Sources */ = {isa = PBXBuildFile; fileRef = DD349DD21CF5AF63004598CC /* myTableCell.m */; };
		DD349DD51CF5AF63004598CC /* myTableCell.xib in Resources */ = {isa = PBXBuildFile; fileRef = DD349DD31CF5AF63004598CC /* myTableCell.xib */; };
		DD349DD91CF5E9BA004598CC /* detailsView.m in Sources */ = {isa = PBXBuildFile; fileRef = DD349DD71CF5E9BA004598CC /* detailsView.m */; };
		DD349DDA1CF5E9BA004598CC /* detailsView.xib in Resources */ = {isa = PBXBuildFile; fileRef = DD349DD81CF5E9BA004598CC /* detailsView.xib */; };
		DD349DDD1CF5F9D1004598CC /* Common.m in Sources */ = {isa = PBXBuildFile; fileRef = DD349DDC1CF5F9D1004598CC /* Common.m */; };
		DD349E2C1CF6E557004598CC /* TpyeListCell.m in Sources */ = {isa = PBXBuildFile; fileRef = DD349E2A1CF6E557004598CC /* TpyeListCell.m */; };
		DD349E2D1CF6E557004598CC /* TpyeListCell.xib in Resources */ = {isa = PBXBuildFile; fileRef = DD349E2B1CF6E557004598CC /* TpyeListCell.xib */; };
		DD39D1601CF87483004179D4 /* listView.xib in Resources */ = {isa = PBXBuildFile; fileRef = DD39D15F1CF87483004179D4 /* listView.xib */; };
		DDF7F35C1D02B474002E5CE8 /* firstRow.xib in Resources */ = {isa = PBXBuildFile; fileRef = DDF7F35B1D02B474002E5CE8 /* firstRow.xib */; };
/* End PBXBuildFile section */

/* Begin PBXContainerItemProxy section */
		DD349DAB1CF53BBF004598CC /* PBXContainerItemProxy */ = {
			isa = PBXContainerItemProxy;
			containerPortal = DD349D891CF53BBF004598CC /* Project object */;
			proxyType = 1;
			remoteGlobalIDString = DD349D901CF53BBF004598CC;
			remoteInfo = zhihuDemo;
		};
		DD349DB61CF53BBF004598CC /* PBXContainerItemProxy */ = {
			isa = PBXContainerItemProxy;
			containerPortal = DD349D891CF53BBF004598CC /* Project object */;
			proxyType = 1;
			remoteGlobalIDString = DD349D901CF53BBF004598CC;
			remoteInfo = zhihuDemo;
		};
/* End PBXContainerItemProxy section */

/* Begin PBXFileReference section */
		DD33CE2B1D10F9EE00AD1E32 /* MKAnnotationView+WebCache.h */ = {isa = PBXFileReference; fileEncoding = 4; lastKnownFileType = sourcecode.c.h; path = "MKAnnotationView+WebCache.h"; sourceTree = "<group>"; };
		DD33CE2C1D10F9EE00AD1E32 /* MKAnnotationView+WebCache.m */ = {isa = PBXFileReference; fileEncoding = 4; lastKnownFileType = sourcecode.c.objc; path = "MKAnnotationView+WebCache.m"; sourceTree = "<group>"; };
		DD33CE2D1D10F9EE00AD1E32 /* NSData+ImageContentType.h */ = {isa = PBXFileReference; fileEncoding = 4; lastKnownFileType = sourcecode.c.h; path = "NSData+ImageContentType.h"; sourceTree = "<group>"; };
		DD33CE2E1D10F9EE00AD1E32 /* NSData+ImageContentType.m */ = {isa = PBXFileReference; fileEncoding = 4; lastKnownFileType = sourcecode.c.objc; path = "NSData+ImageContentType.m"; sourceTree = "<group>"; };
		DD33CE2F1D10F9EE00AD1E32 /* SDImageCache.h */ = {isa = PBXFileReference; fileEncoding = 4; lastKnownFileType = sourcecode.c.h; path = SDImageCache.h; sourceTree = "<group>"; };
		DD33CE301D10F9EE00AD1E32 /* SDImageCache.m */ = {isa = PBXFileReference; fileEncoding = 4; lastKnownFileType = sourcecode.c.objc; path = SDImageCache.m; sourceTree = "<group>"; };
		DD33CE311D10F9EE00AD1E32 /* SDWebImageCompat.h */ = {isa = PBXFileReference; fileEncoding = 4; lastKnownFileType = sourcecode.c.h; path = SDWebImageCompat.h; sourceTree = "<group>"; };
		DD33CE321D10F9EE00AD1E32 /* SDWebImageCompat.m */ = {isa = PBXFileReference; fileEncoding = 4; lastKnownFileType = sourcecode.c.objc; path = SDWebImageCompat.m; sourceTree = "<group>"; };
		DD33CE331D10F9EE00AD1E32 /* SDWebImageDecoder.h */ = {isa = PBXFileReference; fileEncoding = 4; lastKnownFileType = sourcecode.c.h; path = SDWebImageDecoder.h; sourceTree = "<group>"; };
		DD33CE341D10F9EE00AD1E32 /* SDWebImageDecoder.m */ = {isa = PBXFileReference; fileEncoding = 4; lastKnownFileType = sourcecode.c.objc; path = SDWebImageDecoder.m; sourceTree = "<group>"; };
		DD33CE351D10F9EE00AD1E32 /* SDWebImageDownloader.h */ = {isa = PBXFileReference; fileEncoding = 4; lastKnownFileType = sourcecode.c.h; path = SDWebImageDownloader.h; sourceTree = "<group>"; };
		DD33CE361D10F9EE00AD1E32 /* SDWebImageDownloader.m */ = {isa = PBXFileReference; fileEncoding = 4; lastKnownFileType = sourcecode.c.objc; path = SDWebImageDownloader.m; sourceTree = "<group>"; };
		DD33CE371D10F9EE00AD1E32 /* SDWebImageDownloaderOperation.h */ = {isa = PBXFileReference; fileEncoding = 4; lastKnownFileType = sourcecode.c.h; path = SDWebImageDownloaderOperation.h; sourceTree = "<group>"; };
		DD33CE381D10F9EE00AD1E32 /* SDWebImageDownloaderOperation.m */ = {isa = PBXFileReference; fileEncoding = 4; lastKnownFileType = sourcecode.c.objc; path = SDWebImageDownloaderOperation.m; sourceTree = "<group>"; };
		DD33CE391D10F9EE00AD1E32 /* SDWebImageManager.h */ = {isa = PBXFileReference; fileEncoding = 4; lastKnownFileType = sourcecode.c.h; path = SDWebImageManager.h; sourceTree = "<group>"; };
		DD33CE3A1D10F9EE00AD1E32 /* SDWebImageManager.m */ = {isa = PBXFileReference; fileEncoding = 4; lastKnownFileType = sourcecode.c.objc; path = SDWebImageManager.m; sourceTree = "<group>"; };
		DD33CE3B1D10F9EE00AD1E32 /* SDWebImageOperation.h */ = {isa = PBXFileReference; fileEncoding = 4; lastKnownFileType = sourcecode.c.h; path = SDWebImageOperation.h; sourceTree = "<group>"; };
		DD33CE3C1D10F9EE00AD1E32 /* SDWebImagePrefetcher.h */ = {isa = PBXFileReference; fileEncoding = 4; lastKnownFileType = sourcecode.c.h; path = SDWebImagePrefetcher.h; sourceTree = "<group>"; };
		DD33CE3D1D10F9EE00AD1E32 /* SDWebImagePrefetcher.m */ = {isa = PBXFileReference; fileEncoding = 4; lastKnownFileType = sourcecode.c.objc; path = SDWebImagePrefetcher.m; sourceTree = "<group>"; };
		DD33CE3E1D10F9EE00AD1E32 /* UIButton+WebCache.h */ = {isa = PBXFileReference; fileEncoding = 4; lastKnownFileType = sourcecode.c.h; path = "UIButton+WebCache.h"; sourceTree = "<group>"; };
		DD33CE3F1D10F9EE00AD1E32 /* UIButton+WebCache.m */ = {isa = PBXFileReference; fileEncoding = 4; lastKnownFileType = sourcecode.c.objc; path = "UIButton+WebCache.m"; sourceTree = "<group>"; };
		DD33CE401D10F9EE00AD1E32 /* UIImage+GIF.h */ = {isa = PBXFileReference; fileEncoding = 4; lastKnownFileType = sourcecode.c.h; path = "UIImage+GIF.h"; sourceTree = "<group>"; };
		DD33CE411D10F9EE00AD1E32 /* UIImage+GIF.m */ = {isa = PBXFileReference; fileEncoding = 4; lastKnownFileType = sourcecode.c.objc; path = "UIImage+GIF.m"; sourceTree = "<group>"; };
		DD33CE421D10F9EE00AD1E32 /* UIImage+MultiFormat.h */ = {isa = PBXFileReference; fileEncoding = 4; lastKnownFileType = sourcecode.c.h; path = "UIImage+MultiFormat.h"; sourceTree = "<group>"; };
		DD33CE431D10F9EE00AD1E32 /* UIImage+MultiFormat.m */ = {isa = PBXFileReference; fileEncoding = 4; lastKnownFileType = sourcecode.c.objc; path = "UIImage+MultiFormat.m"; sourceTree = "<group>"; };
		DD33CE441D10F9EE00AD1E32 /* UIImage+WebP.h */ = {isa = PBXFileReference; fileEncoding = 4; lastKnownFileType = sourcecode.c.h; path = "UIImage+WebP.h"; sourceTree = "<group>"; };
		DD33CE451D10F9EE00AD1E32 /* UIImage+WebP.m */ = {isa = PBXFileReference; fileEncoding = 4; lastKnownFileType = sourcecode.c.objc; path = "UIImage+WebP.m"; sourceTree = "<group>"; };
		DD33CE461D10F9EE00AD1E32 /* UIImageView+HighlightedWebCache.h */ = {isa = PBXFileReference; fileEncoding = 4; lastKnownFileType = sourcecode.c.h; path = "UIImageView+HighlightedWebCache.h"; sourceTree = "<group>"; };
		DD33CE471D10F9EE00AD1E32 /* UIImageView+HighlightedWebCache.m */ = {isa = PBXFileReference; fileEncoding = 4; lastKnownFileType = sourcecode.c.objc; path = "UIImageView+HighlightedWebCache.m"; sourceTree = "<group>"; };
		DD33CE481D10F9EE00AD1E32 /* UIImageView+WebCache.h */ = {isa = PBXFileReference; fileEncoding = 4; lastKnownFileType = sourcecode.c.h; path = "UIImageView+WebCache.h"; sourceTree = "<group>"; };
		DD33CE491D10F9EE00AD1E32 /* UIImageView+WebCache.m */ = {isa = PBXFileReference; fileEncoding = 4; lastKnownFileType = sourcecode.c.objc; path = "UIImageView+WebCache.m"; sourceTree = "<group>"; };
		DD33CE4A1D10F9EE00AD1E32 /* UIView+WebCacheOperation.h */ = {isa = PBXFileReference; fileEncoding = 4; lastKnownFileType = sourcecode.c.h; path = "UIView+WebCacheOperation.h"; sourceTree = "<group>"; };
		DD33CE4B1D10F9EE00AD1E32 /* UIView+WebCacheOperation.m */ = {isa = PBXFileReference; fileEncoding = 4; lastKnownFileType = sourcecode.c.objc; path = "UIView+WebCacheOperation.m"; sourceTree = "<group>"; };
		DD33CEA41D11614200AD1E32 /* MBProgressHUD.h */ = {isa = PBXFileReference; fileEncoding = 4; lastKnownFileType = sourcecode.c.h; path = MBProgressHUD.h; sourceTree = "<group>"; };
		DD33CEA51D11614200AD1E32 /* MBProgressHUD.m */ = {isa = PBXFileReference; fileEncoding = 4; lastKnownFileType = sourcecode.c.objc; path = MBProgressHUD.m; sourceTree = "<group>"; };
		DD33CED11D11B87D00AD1E32 /* AFAutoPurgingImageCache.h */ = {isa = PBXFileReference; fileEncoding = 4; lastKnownFileType = sourcecode.c.h; path = AFAutoPurgingImageCache.h; sourceTree = "<group>"; };
		DD33CED21D11B87E00AD1E32 /* AFAutoPurgingImageCache.m */ = {isa = PBXFileReference; fileEncoding = 4; lastKnownFileType = sourcecode.c.objc; path = AFAutoPurgingImageCache.m; sourceTree = "<group>"; };
		DD33CED31D11B87E00AD1E32 /* AFImageDownloader.h */ = {isa = PBXFileReference; fileEncoding = 4; lastKnownFileType = sourcecode.c.h; path = AFImageDownloader.h; sourceTree = "<group>"; };
		DD33CED41D11B87E00AD1E32 /* AFImageDownloader.m */ = {isa = PBXFileReference; fileEncoding = 4; lastKnownFileType = sourcecode.c.objc; path = AFImageDownloader.m; sourceTree = "<group>"; };
		DD33CED51D11B87E00AD1E32 /* AFNetworkActivityIndicatorManager.h */ = {isa = PBXFileReference; fileEncoding = 4; lastKnownFileType = sourcecode.c.h; path = AFNetworkActivityIndicatorManager.h; sourceTree = "<group>"; };
		DD33CED61D11B87E00AD1E32 /* AFNetworkActivityIndicatorManager.m */ = {isa = PBXFileReference; fileEncoding = 4; lastKnownFileType = sourcecode.c.objc; path = AFNetworkActivityIndicatorManager.m; sourceTree = "<group>"; };
		DD33CED71D11B87E00AD1E32 /* UIActivityIndicatorView+AFNetworking.h */ = {isa = PBXFileReference; fileEncoding = 4; lastKnownFileType = sourcecode.c.h; path = "UIActivityIndicatorView+AFNetworking.h"; sourceTree = "<group>"; };
		DD33CED81D11B87E00AD1E32 /* UIActivityIndicatorView+AFNetworking.m */ = {isa = PBXFileReference; fileEncoding = 4; lastKnownFileType = sourcecode.c.objc; path = "UIActivityIndicatorView+AFNetworking.m"; sourceTree = "<group>"; };
		DD33CED91D11B87E00AD1E32 /* UIButton+AFNetworking.h */ = {isa = PBXFileReference; fileEncoding = 4; lastKnownFileType = sourcecode.c.h; path = "UIButton+AFNetworking.h"; sourceTree = "<group>"; };
		DD33CEDA1D11B87E00AD1E32 /* UIButton+AFNetworking.m */ = {isa = PBXFileReference; fileEncoding = 4; lastKnownFileType = sourcecode.c.objc; path = "UIButton+AFNetworking.m"; sourceTree = "<group>"; };
		DD33CEDB1D11B87E00AD1E32 /* UIImage+AFNetworking.h */ = {isa = PBXFileReference; fileEncoding = 4; lastKnownFileType = sourcecode.c.h; path = "UIImage+AFNetworking.h"; sourceTree = "<group>"; };
		DD33CEDC1D11B87E00AD1E32 /* UIImageView+AFNetworking.h */ = {isa = PBXFileReference; fileEncoding = 4; lastKnownFileType = sourcecode.c.h; path = "UIImageView+AFNetworking.h"; sourceTree = "<group>"; };
		DD33CEDD1D11B87E00AD1E32 /* UIImageView+AFNetworking.m */ = {isa = PBXFileReference; fileEncoding = 4; lastKnownFileType = sourcecode.c.objc; path = "UIImageView+AFNetworking.m"; sourceTree = "<group>"; };
		DD33CEDE1D11B87E00AD1E32 /* UIKit+AFNetworking.h */ = {isa = PBXFileReference; fileEncoding = 4; lastKnownFileType = sourcecode.c.h; path = "UIKit+AFNetworking.h"; sourceTree = "<group>"; };
		DD33CEDF1D11B87E00AD1E32 /* UIProgressView+AFNetworking.h */ = {isa = PBXFileReference; fileEncoding = 4; lastKnownFileType = sourcecode.c.h; path = "UIProgressView+AFNetworking.h"; sourceTree = "<group>"; };
		DD33CEE01D11B87E00AD1E32 /* UIProgressView+AFNetworking.m */ = {isa = PBXFileReference; fileEncoding = 4; lastKnownFileType = sourcecode.c.objc; path = "UIProgressView+AFNetworking.m"; sourceTree = "<group>"; };
		DD33CEE11D11B87E00AD1E32 /* UIRefreshControl+AFNetworking.h */ = {isa = PBXFileReference; fileEncoding = 4; lastKnownFileType = sourcecode.c.h; path = "UIRefreshControl+AFNetworking.h"; sourceTree = "<group>"; };
		DD33CEE21D11B87E00AD1E32 /* UIRefreshControl+AFNetworking.m */ = {isa = PBXFileReference; fileEncoding = 4; lastKnownFileType = sourcecode.c.objc; path = "UIRefreshControl+AFNetworking.m"; sourceTree = "<group>"; };
		DD33CEE31D11B87E00AD1E32 /* UIWebView+AFNetworking.h */ = {isa = PBXFileReference; fileEncoding = 4; lastKnownFileType = sourcecode.c.h; path = "UIWebView+AFNetworking.h"; sourceTree = "<group>"; };
		DD33CEE41D11B87E00AD1E32 /* UIWebView+AFNetworking.m */ = {isa = PBXFileReference; fileEncoding = 4; lastKnownFileType = sourcecode.c.objc; path = "UIWebView+AFNetworking.m"; sourceTree = "<group>"; };
		DD33CEEF1D11B8B000AD1E32 /* AFHTTPSessionManager.h */ = {isa = PBXFileReference; fileEncoding = 4; lastKnownFileType = sourcecode.c.h; path = AFHTTPSessionManager.h; sourceTree = "<group>"; };
		DD33CEF01D11B8B000AD1E32 /* AFHTTPSessionManager.m */ = {isa = PBXFileReference; fileEncoding = 4; lastKnownFileType = sourcecode.c.objc; path = AFHTTPSessionManager.m; sourceTree = "<group>"; };
		DD33CEF11D11B8B000AD1E32 /* AFNetworking.h */ = {isa = PBXFileReference; fileEncoding = 4; lastKnownFileType = sourcecode.c.h; path = AFNetworking.h; sourceTree = "<group>"; };
		DD33CEF21D11B8B000AD1E32 /* AFNetworkReachabilityManager.h */ = {isa = PBXFileReference; fileEncoding = 4; lastKnownFileType = sourcecode.c.h; path = AFNetworkReachabilityManager.h; sourceTree = "<group>"; };
		DD33CEF31D11B8B000AD1E32 /* AFNetworkReachabilityManager.m */ = {isa = PBXFileReference; fileEncoding = 4; lastKnownFileType = sourcecode.c.objc; path = AFNetworkReachabilityManager.m; sourceTree = "<group>"; };
		DD33CEF41D11B8B000AD1E32 /* AFSecurityPolicy.h */ = {isa = PBXFileReference; fileEncoding = 4; lastKnownFileType = sourcecode.c.h; path = AFSecurityPolicy.h; sourceTree = "<group>"; };
		DD33CEF51D11B8B000AD1E32 /* AFSecurityPolicy.m */ = {isa = PBXFileReference; fileEncoding = 4; lastKnownFileType = sourcecode.c.objc; path = AFSecurityPolicy.m; sourceTree = "<group>"; };
		DD33CEF61D11B8B000AD1E32 /* AFURLRequestSerialization.h */ = {isa = PBXFileReference; fileEncoding = 4; lastKnownFileType = sourcecode.c.h; path = AFURLRequestSerialization.h; sourceTree = "<group>"; };
		DD33CEF71D11B8B000AD1E32 /* AFURLRequestSerialization.m */ = {isa = PBXFileReference; fileEncoding = 4; lastKnownFileType = sourcecode.c.objc; path = AFURLRequestSerialization.m; sourceTree = "<group>"; };
		DD33CEF81D11B8B000AD1E32 /* AFURLResponseSerialization.h */ = {isa = PBXFileReference; fileEncoding = 4; lastKnownFileType = sourcecode.c.h; path = AFURLResponseSerialization.h; sourceTree = "<group>"; };
		DD33CEF91D11B8B000AD1E32 /* AFURLResponseSerialization.m */ = {isa = PBXFileReference; fileEncoding = 4; lastKnownFileType = sourcecode.c.objc; path = AFURLResponseSerialization.m; sourceTree = "<group>"; };
		DD33CEFA1D11B8B000AD1E32 /* AFURLSessionManager.h */ = {isa = PBXFileReference; fileEncoding = 4; lastKnownFileType = sourcecode.c.h; path = AFURLSessionManager.h; sourceTree = "<group>"; };
		DD33CEFB1D11B8B000AD1E32 /* AFURLSessionManager.m */ = {isa = PBXFileReference; fileEncoding = 4; lastKnownFileType = sourcecode.c.objc; path = AFURLSessionManager.m; sourceTree = "<group>"; };
		DD349D911CF53BBF004598CC /* zhihuDemo.app */ = {isa = PBXFileReference; explicitFileType = wrapper.application; includeInIndex = 0; path = zhihuDemo.app; sourceTree = BUILT_PRODUCTS_DIR; };
		DD349D951CF53BBF004598CC /* main.m */ = {isa = PBXFileReference; lastKnownFileType = sourcecode.c.objc; path = main.m; sourceTree = "<group>"; };
		DD349D971CF53BBF004598CC /* AppDelegate.h */ = {isa = PBXFileReference; lastKnownFileType = sourcecode.c.h; path = AppDelegate.h; sourceTree = "<group>"; };
		DD349D981CF53BBF004598CC /* AppDelegate.m */ = {isa = PBXFileReference; lastKnownFileType = sourcecode.c.objc; path = AppDelegate.m; sourceTree = "<group>"; };
		DD349D9A1CF53BBF004598CC /* ViewController.h */ = {isa = PBXFileReference; lastKnownFileType = sourcecode.c.h; path = ViewController.h; sourceTree = "<group>"; };
		DD349D9B1CF53BBF004598CC /* ViewController.m */ = {isa = PBXFileReference; lastKnownFileType = sourcecode.c.objc; path = ViewController.m; sourceTree = "<group>"; };
		DD349D9E1CF53BBF004598CC /* Base */ = {isa = PBXFileReference; lastKnownFileType = file.storyboard; name = Base; path = Base.lproj/Main.storyboard; sourceTree = "<group>"; };
		DD349DA01CF53BBF004598CC /* Assets.xcassets */ = {isa = PBXFileReference; lastKnownFileType = folder.assetcatalog; path = Assets.xcassets; sourceTree = "<group>"; };
		DD349DA31CF53BBF004598CC /* Base */ = {isa = PBXFileReference; lastKnownFileType = file.storyboard; name = Base; path = Base.lproj/LaunchScreen.storyboard; sourceTree = "<group>"; };
		DD349DA51CF53BBF004598CC /* Info.plist */ = {isa = PBXFileReference; lastKnownFileType = text.plist.xml; path = Info.plist; sourceTree = "<group>"; };
		DD349DAA1CF53BBF004598CC /* zhihuDemoTests.xctest */ = {isa = PBXFileReference; explicitFileType = wrapper.cfbundle; includeInIndex = 0; path = zhihuDemoTests.xctest; sourceTree = BUILT_PRODUCTS_DIR; };
		DD349DAE1CF53BBF004598CC /* zhihuDemoTests.m */ = {isa = PBXFileReference; lastKnownFileType = sourcecode.c.objc; path = zhihuDemoTests.m; sourceTree = "<group>"; };
		DD349DB01CF53BBF004598CC /* Info.plist */ = {isa = PBXFileReference; lastKnownFileType = text.plist.xml; path = Info.plist; sourceTree = "<group>"; };
		DD349DB51CF53BBF004598CC /* zhihuDemoUITests.xctest */ = {isa = PBXFileReference; explicitFileType = wrapper.cfbundle; includeInIndex = 0; path = zhihuDemoUITests.xctest; sourceTree = BUILT_PRODUCTS_DIR; };
		DD349DB91CF53BBF004598CC /* zhihuDemoUITests.m */ = {isa = PBXFileReference; lastKnownFileType = sourcecode.c.objc; path = zhihuDemoUITests.m; sourceTree = "<group>"; };
		DD349DBB1CF53BBF004598CC /* Info.plist */ = {isa = PBXFileReference; lastKnownFileType = text.plist.xml; path = Info.plist; sourceTree = "<group>"; };
		DD349DD11CF5AF63004598CC /* myTableCell.h */ = {isa = PBXFileReference; fileEncoding = 4; lastKnownFileType = sourcecode.c.h; path = myTableCell.h; sourceTree = "<group>"; };
		DD349DD21CF5AF63004598CC /* myTableCell.m */ = {isa = PBXFileReference; fileEncoding = 4; lastKnownFileType = sourcecode.c.objc; path = myTableCell.m; sourceTree = "<group>"; };
		DD349DD31CF5AF63004598CC /* myTableCell.xib */ = {isa = PBXFileReference; fileEncoding = 4; lastKnownFileType = file.xib; path = myTableCell.xib; sourceTree = "<group>"; };
		DD349DD61CF5E9BA004598CC /* detailsView.h */ = {isa = PBXFileReference; fileEncoding = 4; lastKnownFileType = sourcecode.c.h; path = detailsView.h; sourceTree = "<group>"; };
		DD349DD71CF5E9BA004598CC /* detailsView.m */ = {isa = PBXFileReference; fileEncoding = 4; lastKnownFileType = sourcecode.c.objc; path = detailsView.m; sourceTree = "<group>"; };
		DD349DD81CF5E9BA004598CC /* detailsView.xib */ = {isa = PBXFileReference; fileEncoding = 4; lastKnownFileType = file.xib; path = detailsView.xib; sourceTree = "<group>"; };
		DD349DDB1CF5F9D1004598CC /* Common.h */ = {isa = PBXFileReference; fileEncoding = 4; lastKnownFileType = sourcecode.c.h; path = Common.h; sourceTree = "<group>"; };
		DD349DDC1CF5F9D1004598CC /* Common.m */ = {isa = PBXFileReference; fileEncoding = 4; lastKnownFileType = sourcecode.c.objc; path = Common.m; sourceTree = "<group>"; };
		DD349E291CF6E557004598CC /* TpyeListCell.h */ = {isa = PBXFileReference; fileEncoding = 4; lastKnownFileType = sourcecode.c.h; path = TpyeListCell.h; sourceTree = "<group>"; };
		DD349E2A1CF6E557004598CC /* TpyeListCell.m */ = {isa = PBXFileReference; fileEncoding = 4; lastKnownFileType = sourcecode.c.objc; path = TpyeListCell.m; sourceTree = "<group>"; };
		DD349E2B1CF6E557004598CC /* TpyeListCell.xib */ = {isa = PBXFileReference; fileEncoding = 4; lastKnownFileType = file.xib; path = TpyeListCell.xib; sourceTree = "<group>"; };
		DD39D15F1CF87483004179D4 /* listView.xib */ = {isa = PBXFileReference; fileEncoding = 4; lastKnownFileType = file.xib; path = listView.xib; sourceTree = "<group>"; };
		DDF7F35B1D02B474002E5CE8 /* firstRow.xib */ = {isa = PBXFileReference; fileEncoding = 4; lastKnownFileType = file.xib; path = firstRow.xib; sourceTree = "<group>"; };
/* End PBXFileReference section */

/* Begin PBXFrameworksBuildPhase section */
		DD349D8E1CF53BBF004598CC /* Frameworks */ = {
			isa = PBXFrameworksBuildPhase;
			buildActionMask = 2147483647;
			files = (
			);
			runOnlyForDeploymentPostprocessing = 0;
		};
		DD349DA71CF53BBF004598CC /* Frameworks */ = {
			isa = PBXFrameworksBuildPhase;
			buildActionMask = 2147483647;
			files = (
			);
			runOnlyForDeploymentPostprocessing = 0;
		};
		DD349DB21CF53BBF004598CC /* Frameworks */ = {
			isa = PBXFrameworksBuildPhase;
			buildActionMask = 2147483647;
			files = (
			);
			runOnlyForDeploymentPostprocessing = 0;
		};
/* End PBXFrameworksBuildPhase section */

/* Begin PBXGroup section */
		DD1DFB661D170A510058EA30 /* AppData */ = {
			isa = PBXGroup;
			children = (
			);
			name = AppData;
			sourceTree = "<group>";
		};
		DD33CE2A1D10F9EE00AD1E32 /* SDWebImage */ = {
			isa = PBXGroup;
			children = (
				DD33CE2B1D10F9EE00AD1E32 /* MKAnnotationView+WebCache.h */,
				DD33CE2C1D10F9EE00AD1E32 /* MKAnnotationView+WebCache.m */,
				DD33CE2D1D10F9EE00AD1E32 /* NSData+ImageContentType.h */,
				DD33CE2E1D10F9EE00AD1E32 /* NSData+ImageContentType.m */,
				DD33CE2F1D10F9EE00AD1E32 /* SDImageCache.h */,
				DD33CE301D10F9EE00AD1E32 /* SDImageCache.m */,
				DD33CE311D10F9EE00AD1E32 /* SDWebImageCompat.h */,
				DD33CE321D10F9EE00AD1E32 /* SDWebImageCompat.m */,
				DD33CE331D10F9EE00AD1E32 /* SDWebImageDecoder.h */,
				DD33CE341D10F9EE00AD1E32 /* SDWebImageDecoder.m */,
				DD33CE351D10F9EE00AD1E32 /* SDWebImageDownloader.h */,
				DD33CE361D10F9EE00AD1E32 /* SDWebImageDownloader.m */,
				DD33CE371D10F9EE00AD1E32 /* SDWebImageDownloaderOperation.h */,
				DD33CE381D10F9EE00AD1E32 /* SDWebImageDownloaderOperation.m */,
				DD33CE391D10F9EE00AD1E32 /* SDWebImageManager.h */,
				DD33CE3A1D10F9EE00AD1E32 /* SDWebImageManager.m */,
				DD33CE3B1D10F9EE00AD1E32 /* SDWebImageOperation.h */,
				DD33CE3C1D10F9EE00AD1E32 /* SDWebImagePrefetcher.h */,
				DD33CE3D1D10F9EE00AD1E32 /* SDWebImagePrefetcher.m */,
				DD33CE3E1D10F9EE00AD1E32 /* UIButton+WebCache.h */,
				DD33CE3F1D10F9EE00AD1E32 /* UIButton+WebCache.m */,
				DD33CE401D10F9EE00AD1E32 /* UIImage+GIF.h */,
				DD33CE411D10F9EE00AD1E32 /* UIImage+GIF.m */,
				DD33CE421D10F9EE00AD1E32 /* UIImage+MultiFormat.h */,
				DD33CE431D10F9EE00AD1E32 /* UIImage+MultiFormat.m */,
				DD33CE441D10F9EE00AD1E32 /* UIImage+WebP.h */,
				DD33CE451D10F9EE00AD1E32 /* UIImage+WebP.m */,
				DD33CE461D10F9EE00AD1E32 /* UIImageView+HighlightedWebCache.h */,
				DD33CE471D10F9EE00AD1E32 /* UIImageView+HighlightedWebCache.m */,
				DD33CE481D10F9EE00AD1E32 /* UIImageView+WebCache.h */,
				DD33CE491D10F9EE00AD1E32 /* UIImageView+WebCache.m */,
				DD33CE4A1D10F9EE00AD1E32 /* UIView+WebCacheOperation.h */,
				DD33CE4B1D10F9EE00AD1E32 /* UIView+WebCacheOperation.m */,
			);
			path = SDWebImage;
			sourceTree = "<group>";
		};
		DD33CE5C1D10FDD900AD1E32 /* lib */ = {
			isa = PBXGroup;
			children = (
				DD33CEEE1D11B8B000AD1E32 /* AFNetworking */,
				DD33CED01D11B87D00AD1E32 /* UIKit+AFNetworking */,
				DD33CEA31D11614200AD1E32 /* MBProgressHUD */,
				DD349DDB1CF5F9D1004598CC /* Common.h */,
				DD349DDC1CF5F9D1004598CC /* Common.m */,
				DD33CE2A1D10F9EE00AD1E32 /* SDWebImage */,
			);
			name = lib;
			sourceTree = "<group>";
		};
		DD33CEA31D11614200AD1E32 /* MBProgressHUD */ = {
			isa = PBXGroup;
			children = (
				DD33CEA41D11614200AD1E32 /* MBProgressHUD.h */,
				DD33CEA51D11614200AD1E32 /* MBProgressHUD.m */,
			);
			path = MBProgressHUD;
			sourceTree = "<group>";
		};
		DD33CED01D11B87D00AD1E32 /* UIKit+AFNetworking */ = {
			isa = PBXGroup;
			children = (
				DD33CED11D11B87D00AD1E32 /* AFAutoPurgingImageCache.h */,
				DD33CED21D11B87E00AD1E32 /* AFAutoPurgingImageCache.m */,
				DD33CED31D11B87E00AD1E32 /* AFImageDownloader.h */,
				DD33CED41D11B87E00AD1E32 /* AFImageDownloader.m */,
				DD33CED51D11B87E00AD1E32 /* AFNetworkActivityIndicatorManager.h */,
				DD33CED61D11B87E00AD1E32 /* AFNetworkActivityIndicatorManager.m */,
				DD33CED71D11B87E00AD1E32 /* UIActivityIndicatorView+AFNetworking.h */,
				DD33CED81D11B87E00AD1E32 /* UIActivityIndicatorView+AFNetworking.m */,
				DD33CED91D11B87E00AD1E32 /* UIButton+AFNetworking.h */,
				DD33CEDA1D11B87E00AD1E32 /* UIButton+AFNetworking.m */,
				DD33CEDB1D11B87E00AD1E32 /* UIImage+AFNetworking.h */,
				DD33CEDC1D11B87E00AD1E32 /* UIImageView+AFNetworking.h */,
				DD33CEDD1D11B87E00AD1E32 /* UIImageView+AFNetworking.m */,
				DD33CEDE1D11B87E00AD1E32 /* UIKit+AFNetworking.h */,
				DD33CEDF1D11B87E00AD1E32 /* UIProgressView+AFNetworking.h */,
				DD33CEE01D11B87E00AD1E32 /* UIProgressView+AFNetworking.m */,
				DD33CEE11D11B87E00AD1E32 /* UIRefreshControl+AFNetworking.h */,
				DD33CEE21D11B87E00AD1E32 /* UIRefreshControl+AFNetworking.m */,
				DD33CEE31D11B87E00AD1E32 /* UIWebView+AFNetworking.h */,
				DD33CEE41D11B87E00AD1E32 /* UIWebView+AFNetworking.m */,
			);
			path = "UIKit+AFNetworking";
			sourceTree = "<group>";
		};
		DD33CEEE1D11B8B000AD1E32 /* AFNetworking */ = {
			isa = PBXGroup;
			children = (
				DD33CEEF1D11B8B000AD1E32 /* AFHTTPSessionManager.h */,
				DD33CEF01D11B8B000AD1E32 /* AFHTTPSessionManager.m */,
				DD33CEF11D11B8B000AD1E32 /* AFNetworking.h */,
				DD33CEF21D11B8B000AD1E32 /* AFNetworkReachabilityManager.h */,
				DD33CEF31D11B8B000AD1E32 /* AFNetworkReachabilityManager.m */,
				DD33CEF41D11B8B000AD1E32 /* AFSecurityPolicy.h */,
				DD33CEF51D11B8B000AD1E32 /* AFSecurityPolicy.m */,
				DD33CEF61D11B8B000AD1E32 /* AFURLRequestSerialization.h */,
				DD33CEF71D11B8B000AD1E32 /* AFURLRequestSerialization.m */,
				DD33CEF81D11B8B000AD1E32 /* AFURLResponseSerialization.h */,
				DD33CEF91D11B8B000AD1E32 /* AFURLResponseSerialization.m */,
				DD33CEFA1D11B8B000AD1E32 /* AFURLSessionManager.h */,
				DD33CEFB1D11B8B000AD1E32 /* AFURLSessionManager.m */,
			);
			path = AFNetworking;
			sourceTree = "<group>";
		};
		DD349D881CF53BBF004598CC = {
			isa = PBXGroup;
			children = (
				DD349D931CF53BBF004598CC /* zhihuDemo */,
				DD349DAD1CF53BBF004598CC /* zhihuDemoTests */,
				DD349DB81CF53BBF004598CC /* zhihuDemoUITests */,
				DD349D921CF53BBF004598CC /* Products */,
			);
			sourceTree = "<group>";
		};
		DD349D921CF53BBF004598CC /* Products */ = {
			isa = PBXGroup;
			children = (
				DD349D911CF53BBF004598CC /* zhihuDemo.app */,
				DD349DAA1CF53BBF004598CC /* zhihuDemoTests.xctest */,
				DD349DB51CF53BBF004598CC /* zhihuDemoUITests.xctest */,
			);
			name = Products;
			sourceTree = "<group>";
		};
		DD349D931CF53BBF004598CC /* zhihuDemo */ = {
			isa = PBXGroup;
			children = (
				DD1DFB661D170A510058EA30 /* AppData */,
				DD33CE5C1D10FDD900AD1E32 /* lib */,
				DD349D971CF53BBF004598CC /* AppDelegate.h */,
				DD349D981CF53BBF004598CC /* AppDelegate.m */,
				DD349E321CF6F833004598CC /* ViewController */,
				DD349E301CF6F7F1004598CC /* detailsView */,
				DD349E2F1CF6F7B8004598CC /* mainTableCell */,
				DD349E2E1CF6F78B004598CC /* listCell */,
				DD349DA01CF53BBF004598CC /* Assets.xcassets */,
				DD349DA21CF53BBF004598CC /* LaunchScreen.storyboard */,
				DD349DA51CF53BBF004598CC /* Info.plist */,
				DD349D941CF53BBF004598CC /* Supporting Files */,
			);
			path = zhihuDemo;
			sourceTree = "<group>";
		};
		DD349D941CF53BBF004598CC /* Supporting Files */ = {
			isa = PBXGroup;
			children = (
				DD349D951CF53BBF004598CC /* main.m */,
			);
			name = "Supporting Files";
			sourceTree = "<group>";
		};
		DD349DAD1CF53BBF004598CC /* zhihuDemoTests */ = {
			isa = PBXGroup;
			children = (
				DD349DAE1CF53BBF004598CC /* zhihuDemoTests.m */,
				DD349DB01CF53BBF004598CC /* Info.plist */,
			);
			path = zhihuDemoTests;
			sourceTree = "<group>";
		};
		DD349DB81CF53BBF004598CC /* zhihuDemoUITests */ = {
			isa = PBXGroup;
			children = (
				DD349DB91CF53BBF004598CC /* zhihuDemoUITests.m */,
				DD349DBB1CF53BBF004598CC /* Info.plist */,
			);
			path = zhihuDemoUITests;
			sourceTree = "<group>";
		};
		DD349E2E1CF6F78B004598CC /* listCell */ = {
			isa = PBXGroup;
			children = (
				DD349E291CF6E557004598CC /* TpyeListCell.h */,
				DD349E2A1CF6E557004598CC /* TpyeListCell.m */,
				DD349E2B1CF6E557004598CC /* TpyeListCell.xib */,
			);
			name = listCell;
			sourceTree = "<group>";
		};
		DD349E2F1CF6F7B8004598CC /* mainTableCell */ = {
			isa = PBXGroup;
			children = (
				DD349DD11CF5AF63004598CC /* myTableCell.h */,
				DD349DD21CF5AF63004598CC /* myTableCell.m */,
				DD349DD31CF5AF63004598CC /* myTableCell.xib */,
			);
			name = mainTableCell;
			sourceTree = "<group>";
		};
		DD349E301CF6F7F1004598CC /* detailsView */ = {
			isa = PBXGroup;
			children = (
				DD349DD61CF5E9BA004598CC /* detailsView.h */,
				DD349DD71CF5E9BA004598CC /* detailsView.m */,
				DD349DD81CF5E9BA004598CC /* detailsView.xib */,
			);
			name = detailsView;
			sourceTree = "<group>";
		};
		DD349E321CF6F833004598CC /* ViewController */ = {
			isa = PBXGroup;
			children = (
				DD349D9A1CF53BBF004598CC /* ViewController.h */,
				DD349D9B1CF53BBF004598CC /* ViewController.m */,
				DD349D9D1CF53BBF004598CC /* Main.storyboard */,
				DD39D15F1CF87483004179D4 /* listView.xib */,
				DDF7F35B1D02B474002E5CE8 /* firstRow.xib */,
			);
			name = ViewController;
			sourceTree = "<group>";
		};
/* End PBXGroup section */

/* Begin PBXNativeTarget section */
		DD349D901CF53BBF004598CC /* zhihuDemo */ = {
			isa = PBXNativeTarget;
			buildConfigurationList = DD349DBE1CF53BBF004598CC /* Build configuration list for PBXNativeTarget "zhihuDemo" */;
			buildPhases = (
				DD349D8D1CF53BBF004598CC /* Sources */,
				DD349D8E1CF53BBF004598CC /* Frameworks */,
				DD349D8F1CF53BBF004598CC /* Resources */,
			);
			buildRules = (
			);
			dependencies = (
			);
			name = zhihuDemo;
			productName = zhihuDemo;
			productReference = DD349D911CF53BBF004598CC /* zhihuDemo.app */;
			productType = "com.apple.product-type.application";
		};
		DD349DA91CF53BBF004598CC /* zhihuDemoTests */ = {
			isa = PBXNativeTarget;
			buildConfigurationList = DD349DC11CF53BBF004598CC /* Build configuration list for PBXNativeTarget "zhihuDemoTests" */;
			buildPhases = (
				DD349DA61CF53BBF004598CC /* Sources */,
				DD349DA71CF53BBF004598CC /* Frameworks */,
				DD349DA81CF53BBF004598CC /* Resources */,
			);
			buildRules = (
			);
			dependencies = (
				DD349DAC1CF53BBF004598CC /* PBXTargetDependency */,
			);
			name = zhihuDemoTests;
			productName = zhihuDemoTests;
			productReference = DD349DAA1CF53BBF004598CC /* zhihuDemoTests.xctest */;
			productType = "com.apple.product-type.bundle.unit-test";
		};
		DD349DB41CF53BBF004598CC /* zhihuDemoUITests */ = {
			isa = PBXNativeTarget;
			buildConfigurationList = DD349DC41CF53BBF004598CC /* Build configuration list for PBXNativeTarget "zhihuDemoUITests" */;
			buildPhases = (
				DD349DB11CF53BBF004598CC /* Sources */,
				DD349DB21CF53BBF004598CC /* Frameworks */,
				DD349DB31CF53BBF004598CC /* Resources */,
			);
			buildRules = (
			);
			dependencies = (
				DD349DB71CF53BBF004598CC /* PBXTargetDependency */,
			);
			name = zhihuDemoUITests;
			productName = zhihuDemoUITests;
			productReference = DD349DB51CF53BBF004598CC /* zhihuDemoUITests.xctest */;
			productType = "com.apple.product-type.bundle.ui-testing";
		};
/* End PBXNativeTarget section */

/* Begin PBXProject section */
		DD349D891CF53BBF004598CC /* Project object */ = {
			isa = PBXProject;
			attributes = {
				LastUpgradeCheck = 0730;
				ORGANIZATIONNAME = ruru;
				TargetAttributes = {
					DD349D901CF53BBF004598CC = {
						CreatedOnToolsVersion = 7.3.1;
						DevelopmentTeam = P5ZDCDLM8W;
					};
					DD349DA91CF53BBF004598CC = {
						CreatedOnToolsVersion = 7.3.1;
						TestTargetID = DD349D901CF53BBF004598CC;
					};
					DD349DB41CF53BBF004598CC = {
						CreatedOnToolsVersion = 7.3.1;
						TestTargetID = DD349D901CF53BBF004598CC;
					};
				};
			};
			buildConfigurationList = DD349D8C1CF53BBF004598CC /* Build configuration list for PBXProject "zhihuDemo" */;
			compatibilityVersion = "Xcode 3.2";
			developmentRegion = English;
			hasScannedForEncodings = 0;
			knownRegions = (
				en,
				Base,
			);
			mainGroup = DD349D881CF53BBF004598CC;
			productRefGroup = DD349D921CF53BBF004598CC /* Products */;
			projectDirPath = "";
			projectRoot = "";
			targets = (
				DD349D901CF53BBF004598CC /* zhihuDemo */,
				DD349DA91CF53BBF004598CC /* zhihuDemoTests */,
				DD349DB41CF53BBF004598CC /* zhihuDemoUITests */,
			);
		};
/* End PBXProject section */

/* Begin PBXResourcesBuildPhase section */
		DD349D8F1CF53BBF004598CC /* Resources */ = {
			isa = PBXResourcesBuildPhase;
			buildActionMask = 2147483647;
			files = (
				DD349DD51CF5AF63004598CC /* myTableCell.xib in Resources */,
				DD349DA41CF53BBF004598CC /* LaunchScreen.storyboard in Resources */,
				DD349DA11CF53BBF004598CC /* Assets.xcassets in Resources */,
				DD39D1601CF87483004179D4 /* listView.xib in Resources */,
				DD349DDA1CF5E9BA004598CC /* detailsView.xib in Resources */,
				DDF7F35C1D02B474002E5CE8 /* firstRow.xib in Resources */,
				DD349E2D1CF6E557004598CC /* TpyeListCell.xib in Resources */,
				DD349D9F1CF53BBF004598CC /* Main.storyboard in Resources */,
			);
			runOnlyForDeploymentPostprocessing = 0;
		};
		DD349DA81CF53BBF004598CC /* Resources */ = {
			isa = PBXResourcesBuildPhase;
			buildActionMask = 2147483647;
			files = (
			);
			runOnlyForDeploymentPostprocessing = 0;
		};
		DD349DB31CF53BBF004598CC /* Resources */ = {
			isa = PBXResourcesBuildPhase;
			buildActionMask = 2147483647;
			files = (
			);
			runOnlyForDeploymentPostprocessing = 0;
		};
/* End PBXResourcesBuildPhase section */

/* Begin PBXSourcesBuildPhase section */
		DD349D8D1CF53BBF004598CC /* Sources */ = {
			isa = PBXSourcesBuildPhase;
			buildActionMask = 2147483647;
			files = (
				DD33CE5A1D10F9EE00AD1E32 /* UIImageView+WebCache.m in Sources */,
				DD33CEEA1D11B87E00AD1E32 /* UIImageView+AFNetworking.m in Sources */,
				DD33CEEC1D11B87E00AD1E32 /* UIRefreshControl+AFNetworking.m in Sources */,
				DD33CE561D10F9EE00AD1E32 /* UIImage+GIF.m in Sources */,
				DD33CE4F1D10F9EE00AD1E32 /* SDWebImageCompat.m in Sources */,
				DD33CEED1D11B87E00AD1E32 /* UIWebView+AFNetworking.m in Sources */,
				DD33CEE61D11B87E00AD1E32 /* AFImageDownloader.m in Sources */,
				DD33CE551D10F9EE00AD1E32 /* UIButton+WebCache.m in Sources */,
				DD33CE571D10F9EE00AD1E32 /* UIImage+MultiFormat.m in Sources */,
				DD33CEE81D11B87E00AD1E32 /* UIActivityIndicatorView+AFNetworking.m in Sources */,
				DD33CEE51D11B87E00AD1E32 /* AFAutoPurgingImageCache.m in Sources */,
				DD33CEFF1D11B8B000AD1E32 /* AFURLRequestSerialization.m in Sources */,
				DD33CE541D10F9EE00AD1E32 /* SDWebImagePrefetcher.m in Sources */,
				DD33CEE71D11B87E00AD1E32 /* AFNetworkActivityIndicatorManager.m in Sources */,
				DD33CEEB1D11B87E00AD1E32 /* UIProgressView+AFNetworking.m in Sources */,
				DD349DDD1CF5F9D1004598CC /* Common.m in Sources */,
				DD33CEFC1D11B8B000AD1E32 /* AFHTTPSessionManager.m in Sources */,
				DD33CEE91D11B87E00AD1E32 /* UIButton+AFNetworking.m in Sources */,
				DD33CEFD1D11B8B000AD1E32 /* AFNetworkReachabilityManager.m in Sources */,
				DD33CEA61D11614200AD1E32 /* MBProgressHUD.m in Sources */,
				DD33CE5B1D10F9EE00AD1E32 /* UIView+WebCacheOperation.m in Sources */,
				DD33CE4C1D10F9EE00AD1E32 /* MKAnnotationView+WebCache.m in Sources */,
				DD33CE581D10F9EE00AD1E32 /* UIImage+WebP.m in Sources */,
				DD349D9C1CF53BBF004598CC /* ViewController.m in Sources */,
				DD33CF011D11B8B000AD1E32 /* AFURLSessionManager.m in Sources */,
				DD33CE521D10F9EE00AD1E32 /* SDWebImageDownloaderOperation.m in Sources */,
				DD33CE501D10F9EE00AD1E32 /* SDWebImageDecoder.m in Sources */,
				DD349D991CF53BBF004598CC /* AppDelegate.m in Sources */,
				DD33CE591D10F9EE00AD1E32 /* UIImageView+HighlightedWebCache.m in Sources */,
				DD33CF001D11B8B000AD1E32 /* AFURLResponseSerialization.m in Sources */,
				DD33CE4D1D10F9EE00AD1E32 /* NSData+ImageContentType.m in Sources */,
				DD33CEFE1D11B8B000AD1E32 /* AFSecurityPolicy.m in Sources */,
				DD33CE511D10F9EE00AD1E32 /* SDWebImageDownloader.m in Sources */,
				DD349DD91CF5E9BA004598CC /* detailsView.m in Sources */,
				DD349D961CF53BBF004598CC /* main.m in Sources */,
				DD349DD41CF5AF63004598CC /* myTableCell.m in Sources */,
				DD33CE531D10F9EE00AD1E32 /* SDWebImageManager.m in Sources */,
				DD349E2C1CF6E557004598CC /* TpyeListCell.m in Sources */,
				DD33CE4E1D10F9EE00AD1E32 /* SDImageCache.m in Sources */,
			);
			runOnlyForDeploymentPostprocessing = 0;
		};
		DD349DA61CF53BBF004598CC /* Sources */ = {
			isa = PBXSourcesBuildPhase;
			buildActionMask = 2147483647;
			files = (
				DD349DAF1CF53BBF004598CC /* zhihuDemoTests.m in Sources */,
			);
			runOnlyForDeploymentPostprocessing = 0;
		};
		DD349DB11CF53BBF004598CC /* Sources */ = {
			isa = PBXSourcesBuildPhase;
			buildActionMask = 2147483647;
			files = (
				DD349DBA1CF53BBF004598CC /* zhihuDemoUITests.m in Sources */,
			);
			runOnlyForDeploymentPostprocessing = 0;
		};
/* End PBXSourcesBuildPhase section */

/* Begin PBXTargetDependency section */
		DD349DAC1CF53BBF004598CC /* PBXTargetDependency */ = {
			isa = PBXTargetDependency;
			target = DD349D901CF53BBF004598CC /* zhihuDemo */;
			targetProxy = DD349DAB1CF53BBF004598CC /* PBXContainerItemProxy */;
		};
		DD349DB71CF53BBF004598CC /* PBXTargetDependency */ = {
			isa = PBXTargetDependency;
			target = DD349D901CF53BBF004598CC /* zhihuDemo */;
			targetProxy = DD349DB61CF53BBF004598CC /* PBXContainerItemProxy */;
		};
/* End PBXTargetDependency section */

/* Begin PBXVariantGroup section */
		DD349D9D1CF53BBF004598CC /* Main.storyboard */ = {
			isa = PBXVariantGroup;
			children = (
				DD349D9E1CF53BBF004598CC /* Base */,
			);
			name = Main.storyboard;
			sourceTree = "<group>";
		};
		DD349DA21CF53BBF004598CC /* LaunchScreen.storyboard */ = {
			isa = PBXVariantGroup;
			children = (
				DD349DA31CF53BBF004598CC /* Base */,
			);
			name = LaunchScreen.storyboard;
			sourceTree = "<group>";
		};
/* End PBXVariantGroup section */

/* Begin XCBuildConfiguration section */
		DD349DBC1CF53BBF004598CC /* Debug */ = {
			isa = XCBuildConfiguration;
			buildSettings = {
				ALWAYS_SEARCH_USER_PATHS = NO;
				CLANG_ANALYZER_NONNULL = YES;
				CLANG_CXX_LANGUAGE_STANDARD = "gnu++0x";
				CLANG_CXX_LIBRARY = "libc++";
				CLANG_ENABLE_MODULES = YES;
				CLANG_ENABLE_OBJC_ARC = YES;
				CLANG_WARN_BOOL_CONVERSION = YES;
				CLANG_WARN_CONSTANT_CONVERSION = YES;
				CLANG_WARN_DIRECT_OBJC_ISA_USAGE = YES_ERROR;
				CLANG_WARN_EMPTY_BODY = YES;
				CLANG_WARN_ENUM_CONVERSION = YES;
				CLANG_WARN_INT_CONVERSION = YES;
				CLANG_WARN_OBJC_ROOT_CLASS = YES_ERROR;
				CLANG_WARN_UNREACHABLE_CODE = YES;
				CLANG_WARN__DUPLICATE_METHOD_MATCH = YES;
				"CODE_SIGN_IDENTITY[sdk=iphoneos*]" = "iPhone Developer";
				COPY_PHASE_STRIP = NO;
				DEBUG_INFORMATION_FORMAT = dwarf;
				ENABLE_STRICT_OBJC_MSGSEND = YES;
				ENABLE_TESTABILITY = YES;
				GCC_C_LANGUAGE_STANDARD = gnu99;
				GCC_DYNAMIC_NO_PIC = NO;
				GCC_NO_COMMON_BLOCKS = YES;
				GCC_OPTIMIZATION_LEVEL = 0;
				GCC_PREPROCESSOR_DEFINITIONS = (
					"DEBUG=1",
					"$(inherited)",
				);
				GCC_WARN_64_TO_32_BIT_CONVERSION = YES;
				GCC_WARN_ABOUT_RETURN_TYPE = YES_ERROR;
				GCC_WARN_UNDECLARED_SELECTOR = YES;
				GCC_WARN_UNINITIALIZED_AUTOS = YES_AGGRESSIVE;
				GCC_WARN_UNUSED_FUNCTION = YES;
				GCC_WARN_UNUSED_VARIABLE = YES;
				IPHONEOS_DEPLOYMENT_TARGET = 9.3;
				MTL_ENABLE_DEBUG_INFO = YES;
				ONLY_ACTIVE_ARCH = YES;
				SDKROOT = iphoneos;
			};
			name = Debug;
		};
		DD349DBD1CF53BBF004598CC /* Release */ = {
			isa = XCBuildConfiguration;
			buildSettings = {
				ALWAYS_SEARCH_USER_PATHS = NO;
				CLANG_ANALYZER_NONNULL = YES;
				CLANG_CXX_LANGUAGE_STANDARD = "gnu++0x";
				CLANG_CXX_LIBRARY = "libc++";
				CLANG_ENABLE_MODULES = YES;
				CLANG_ENABLE_OBJC_ARC = YES;
				CLANG_WARN_BOOL_CONVERSION = YES;
				CLANG_WARN_CONSTANT_CONVERSION = YES;
				CLANG_WARN_DIRECT_OBJC_ISA_USAGE = YES_ERROR;
				CLANG_WARN_EMPTY_BODY = YES;
				CLANG_WARN_ENUM_CONVERSION = YES;
				CLANG_WARN_INT_CONVERSION = YES;
				CLANG_WARN_OBJC_ROOT_CLASS = YES_ERROR;
				CLANG_WARN_UNREACHABLE_CODE = YES;
				CLANG_WARN__DUPLICATE_METHOD_MATCH = YES;
				"CODE_SIGN_IDENTITY[sdk=iphoneos*]" = "iPhone Developer";
				COPY_PHASE_STRIP = NO;
				DEBUG_INFORMATION_FORMAT = "dwarf-with-dsym";
				ENABLE_NS_ASSERTIONS = NO;
				ENABLE_STRICT_OBJC_MSGSEND = YES;
				GCC_C_LANGUAGE_STANDARD = gnu99;
				GCC_NO_COMMON_BLOCKS = YES;
				GCC_WARN_64_TO_32_BIT_CONVERSION = YES;
				GCC_WARN_ABOUT_RETURN_TYPE = YES_ERROR;
				GCC_WARN_UNDECLARED_SELECTOR = YES;
				GCC_WARN_UNINITIALIZED_AUTOS = YES_AGGRESSIVE;
				GCC_WARN_UNUSED_FUNCTION = YES;
				GCC_WARN_UNUSED_VARIABLE = YES;
				IPHONEOS_DEPLOYMENT_TARGET = 9.3;
				MTL_ENABLE_DEBUG_INFO = NO;
				SDKROOT = iphoneos;
				VALIDATE_PRODUCT = YES;
			};
			name = Release;
		};
		DD349DBF1CF53BBF004598CC /* Debug */ = {
			isa = XCBuildConfiguration;
			buildSettings = {
				ASSETCATALOG_COMPILER_APPICON_NAME = AppIcon;
				CODE_SIGN_IDENTITY = "iPhone Developer";
				"CODE_SIGN_IDENTITY[sdk=iphoneos*]" = "iPhone Developer";
				INFOPLIST_FILE = zhihuDemo/Info.plist;
				LD_RUNPATH_SEARCH_PATHS = "$(inherited) @executable_path/Frameworks";
				PRODUCT_BUNDLE_IDENTIFIER = ruru.zhihuDemo;
				PRODUCT_NAME = "$(TARGET_NAME)";
				PROVISIONING_PROFILE = "";
			};
			name = Debug;
		};
		DD349DC01CF53BBF004598CC /* Release */ = {
			isa = XCBuildConfiguration;
			buildSettings = {
				ASSETCATALOG_COMPILER_APPICON_NAME = AppIcon;
				CODE_SIGN_IDENTITY = "iPhone Developer";
				"CODE_SIGN_IDENTITY[sdk=iphoneos*]" = "iPhone Developer";
				INFOPLIST_FILE = zhihuDemo/Info.plist;
				LD_RUNPATH_SEARCH_PATHS = "$(inherited) @executable_path/Frameworks";
				PRODUCT_BUNDLE_IDENTIFIER = ruru.zhihuDemo;
				PRODUCT_NAME = "$(TARGET_NAME)";
				PROVISIONING_PROFILE = "";
			};
			name = Release;
		};
		DD349DC21CF53BBF004598CC /* Debug */ = {
			isa = XCBuildConfiguration;
			buildSettings = {
				BUNDLE_LOADER = "$(TEST_HOST)";
				INFOPLIST_FILE = zhihuDemoTests/Info.plist;
				LD_RUNPATH_SEARCH_PATHS = "$(inherited) @executable_path/Frameworks @loader_path/Frameworks";
				PRODUCT_BUNDLE_IDENTIFIER = ruru.zhihuDemoTests;
				PRODUCT_NAME = "$(TARGET_NAME)";
				TEST_HOST = "$(BUILT_PRODUCTS_DIR)/zhihuDemo.app/zhihuDemo";
			};
			name = Debug;
		};
		DD349DC31CF53BBF004598CC /* Release */ = {
			isa = XCBuildConfiguration;
			buildSettings = {
				BUNDLE_LOADER = "$(TEST_HOST)";
				INFOPLIST_FILE = zhihuDemoTests/Info.plist;
				LD_RUNPATH_SEARCH_PATHS = "$(inherited) @executable_path/Frameworks @loader_path/Frameworks";
				PRODUCT_BUNDLE_IDENTIFIER = ruru.zhihuDemoTests;
				PRODUCT_NAME = "$(TARGET_NAME)";
				TEST_HOST = "$(BUILT_PRODUCTS_DIR)/zhihuDemo.app/zhihuDemo";
			};
			name = Release;
		};
		DD349DC51CF53BBF004598CC /* Debug */ = {
			isa = XCBuildConfiguration;
			buildSettings = {
				INFOPLIST_FILE = zhihuDemoUITests/Info.plist;
				LD_RUNPATH_SEARCH_PATHS = "$(inherited) @executable_path/Frameworks @loader_path/Frameworks";
				PRODUCT_BUNDLE_IDENTIFIER = ruru.zhihuDemoUITests;
				PRODUCT_NAME = "$(TARGET_NAME)";
				TEST_TARGET_NAME = zhihuDemo;
			};
			name = Debug;
		};
		DD349DC61CF53BBF004598CC /* Release */ = {
			isa = XCBuildConfiguration;
			buildSettings = {
				INFOPLIST_FILE = zhihuDemoUITests/Info.plist;
				LD_RUNPATH_SEARCH_PATHS = "$(inherited) @executable_path/Frameworks @loader_path/Frameworks";
				PRODUCT_BUNDLE_IDENTIFIER = ruru.zhihuDemoUITests;
				PRODUCT_NAME = "$(TARGET_NAME)";
				TEST_TARGET_NAME = zhihuDemo;
			};
			name = Release;
		};
/* End XCBuildConfiguration section */

/* Begin XCConfigurationList section */
		DD349D8C1CF53BBF004598CC /* Build configuration list for PBXProject "zhihuDemo" */ = {
			isa = XCConfigurationList;
			buildConfigurations = (
				DD349DBC1CF53BBF004598CC /* Debug */,
				DD349DBD1CF53BBF004598CC /* Release */,
			);
			defaultConfigurationIsVisible = 0;
			defaultConfigurationName = Release;
		};
		DD349DBE1CF53BBF004598CC /* Build configuration list for PBXNativeTarget "zhihuDemo" */ = {
			isa = XCConfigurationList;
			buildConfigurations = (
				DD349DBF1CF53BBF004598CC /* Debug */,
				DD349DC01CF53BBF004598CC /* Release */,
			);
			defaultConfigurationIsVisible = 0;
			defaultConfigurationName = Release;
		};
		DD349DC11CF53BBF004598CC /* Build configuration list for PBXNativeTarget "zhihuDemoTests" */ = {
			isa = XCConfigurationList;
			buildConfigurations = (
				DD349DC21CF53BBF004598CC /* Debug */,
				DD349DC31CF53BBF004598CC /* Release */,
			);
			defaultConfigurationIsVisible = 0;
			defaultConfigurationName = Release;
		};
		DD349DC41CF53BBF004598CC /* Build configuration list for PBXNativeTarget "zhihuDemoUITests" */ = {
			isa = XCConfigurationList;
			buildConfigurations = (
				DD349DC51CF53BBF004598CC /* Debug */,
				DD349DC61CF53BBF004598CC /* Release */,
			);
			defaultConfigurationIsVisible = 0;
			defaultConfigurationName = Release;
		};
/* End XCConfigurationList section */
	};
	rootObject = DD349D891CF53BBF004598CC /* Project object */;
}
